
Microsoft Visual Studio Solution File, Format Version 12.00
# Visual Studio Version 17
VisualStudioVersion = 17.2.32630.192
MinimumVisualStudioVersion = 10.0.40219.1
Project("{FAE04EC0-301F-11D3-BF4B-00C04F79EFBC}") = "WPFSQLHardver", "WPFSQLHardver\WPFSQLHardver.csproj", "{228EA8EB-4FD0-402C-8FDE-3AB649AB4AB6}"
EndProject
Global
	GlobalSection(SolutionConfigurationPlatforms) = preSolution
		Debug|Any CPU = Debug|Any CPU
		Release|Any CPU = Release|Any CPU
	EndGlobalSection
	GlobalSection(ProjectConfigurationPlatforms) = postSolution
		{228EA8EB-4FD0-402C-8FDE-3AB649AB4AB6}.Debug|Any CPU.ActiveCfg = Debug|Any CPU
		{228EA8EB-4FD0-402C-8FDE-3AB649AB4AB6}.Debug|Any CPU.Build.0 = Debug|Any CPU
		{228EA8EB-4FD0-402C-8FDE-3AB649AB4AB6}.Release|Any CPU.ActiveCfg = Release|Any CPU
		{228EA8EB-4FD0-402C-8FDE-3AB649AB4AB6}.Release|Any CPU.Build.0 = Release|Any CPU
	EndGlobalSection
	GlobalSection(SolutionProperties) = preSolution
		HideSolutionNode = FALSE
	EndGlobalSection
	GlobalSection(ExtensibilityGlobals) = postSolution
		SolutionGuid = {D9FD729C-62AA-44AA-A234-A8993C4062C2}
	EndGlobalSection
EndGlobal
